
Microsoft Visual Studio Solution File, Format Version 12.00
# Visual Studio Version 16
VisualStudioVersion = 16.0.30517.126
MinimumVisualStudioVersion = 10.0.40219.1
Project("{FAE04EC0-301F-11D3-BF4B-00C04F79EFBC}") = "TestSolve", "TestSolve.csproj", "{F232BA1D-3989-416F-A46D-2664594696A2}"
EndProject
Global
	GlobalSection(SolutionConfigurationPlatforms) = preSolution
		Debug|Any CPU = Debug|Any CPU
		Release|Any CPU = Release|Any CPU
	EndGlobalSection
	GlobalSection(ProjectConfigurationPlatforms) = postSolution
		{F232BA1D-3989-416F-A46D-2664594696A2}.Debug|Any CPU.ActiveCfg = Debug|Any CPU
		{F232BA1D-3989-416F-A46D-2664594696A2}.Debug|Any CPU.Build.0 = Debug|Any CPU
		{F232BA1D-3989-416F-A46D-2664594696A2}.Release|Any CPU.ActiveCfg = Release|Any CPU
		{F232BA1D-3989-416F-A46D-2664594696A2}.Release|Any CPU.Build.0 = Release|Any CPU
	EndGlobalSection
	GlobalSection(SolutionProperties) = preSolution
		HideSolutionNode = FALSE
	EndGlobalSection
	GlobalSection(ExtensibilityGlobals) = postSolution
		SolutionGuid = {486D3AC0-49FF-4F11-AA87-76697C4CAC49}
	EndGlobalSection
EndGlobal
